PODS:
  - AFNetworking (3.2.1):
    - AFNetworking/NSURLSession (= 3.2.1)
    - AFNetworking/Reachability (= 3.2.1)
    - AFNetworking/Security (= 3.2.1)
    - AFNetworking/Serialization (= 3.2.1)
    - AFNetworking/UIKit (= 3.2.1)
  - AFNetworking/NSURLSession (3.2.1):
    - AFNetworking/Reachability
    - AFNetworking/Security
    - AFNetworking/Serialization
  - AFNetworking/Reachability (3.2.1)
  - AFNetworking/Security (3.2.1)
  - AFNetworking/Serialization (3.2.1)
  - AFNetworking/UIKit (3.2.1):
    - AFNetworking/NSURLSession
  - AMap3DMap (6.3.1):
    - AMapFoundation (~> 1.5)
  - AMapFoundation (1.5.3)
  - AMapLocation (2.6.1):
    - AMapFoundation (~> 1.4)
  - FMDB (2.7.2):
    - FMDB/standard (= 2.7.2)
  - FMDB/standard (2.7.2)
  - JCore (1.1.7)
  - JPush (3.0.6):
    - JCore (~> 1.1.1)
  - JSONModel (1.7.0)
  - Masonry (1.1.0)
  - MBProgressHUD (1.0.0)
  - MJRefresh (3.1.15.3)
  - SDWebImage (4.3.3):
    - SDWebImage/Core (= 4.3.3)
  - SDWebImage/Core (4.3.3)
  - UITextView+Placeholder (1.2.0)
  - YNPageViewController (0.1.8)
  - YYKit (1.0.9):
    - YYKit/no-arc (= 1.0.9)
  - YYKit/no-arc (1.0.9)
  - ZFPlayer (3.1.5):
    - ZFPlayer/Core (= 3.1.5)
  - ZFPlayer/AVPlayer (3.1.5):
    - ZFPlayer/Core
  - ZFPlayer/ControlView (3.1.5):
    - ZFPlayer/Core
  - ZFPlayer/Core (3.1.5)

DEPENDENCIES:
  - AFNetworking
  - AMap3DMap
  - AMapLocation (~> 2.6.1)
  - FMDB
  - JPush
  - JSONModel
  - Masonry
  - MBProgressHUD (~> 1.0.0)
  - MJRefresh
  - SDWebImage
  - UITextView+Placeholder
  - YNPageViewController (~> 0.1.8)
  - YYKit
  - ZFPlayer (~> 3.0)
  - ZFPlayer/AVPlayer (~> 3.0)
  - ZFPlayer/ControlView (~> 3.0)

SPEC CHECKSUMS:
  AFNetworking: b6f891fdfaed196b46c7a83cf209e09697b94057
  AMap3DMap: 7e1b2f2a1628a584f085d7f158d7c9835837e8c2
  AMapFoundation: 58f883c80754c659cf626deb3150936bfe8f1772
  AMapLocation: cf024b53dc03663efb4ea4bcce27d4cce58bb97a
  FMDB: 6198a90e7b6900cfc046e6bc0ef6ebb7be9236aa
  JCore: f7459c81c135281a874a6beafdd321666adcc834
  JPush: c41be50eb1a574a66aeb68d237f00a4ec6ec3a82
  JSONModel: 840bc0fcffb24b8454d2c026bf26fea454b8e98d
  Masonry: 678fab65091a9290e40e2832a55e7ab731aad201
  MBProgressHUD: 4890f671c94e8a0f3cf959aa731e9de2f036d71a
  MJRefresh: b48380ae2b927b46c4ef000de9adb8dc748e1df7
  SDWebImage: de4d90b5bff3571eae7bd16202b1f43135409fa5
  UITextView+Placeholder: 77680995fcdd07c3f52ec92fe1150874a2ac89ff
  YNPageViewController: fdd2b7ad7fa9b2100f1498a532641ab826fca0d8
  YYKit: 7cda43304a8dc3696c449041e2cb3107b4e236e7
  ZFPlayer: 8273a62fcc76f451db043ce640434d5f8799c09a

PODFILE CHECKSUM: aa1718dae0940fec8079507ab5a90bf53802d346

COCOAPODS: 1.4.0
